
Microsoft Visual Studio Solution File, Format Version 12.00
# Visual Studio Version 17
VisualStudioVersion = 17.13.35818.85 d17.13
MinimumVisualStudioVersion = 10.0.40219.1
Project("{FAE04EC0-301F-11D3-BF4B-00C04F79EFBC}") = "GUI", "GUI\GUI.csproj", "{C44C04D1-1F3B-46FA-9944-AB6661BF4D88}"
EndProject
Project("{FAE04EC0-301F-11D3-BF4B-00C04F79EFBC}") = "BLL", "BLL\BLL.csproj", "{2A22B25E-FE11-441A-BF36-71E94BC0E162}"
EndProject
Project("{FAE04EC0-301F-11D3-BF4B-00C04F79EFBC}") = "DTO", "DTO\DTO.csproj", "{BC1650CC-273D-4659-B8EA-354AFBA4EFD2}"
EndProject
Project("{FAE04EC0-301F-11D3-BF4B-00C04F79EFBC}") = "DAL", "DAL\DAL.csproj", "{F2969217-EC99-49D1-891E-1CBB9FBE4FF7}"
EndProject
Global
	GlobalSection(SolutionConfigurationPlatforms) = preSolution
		Debug|Any CPU = Debug|Any CPU
		Release|Any CPU = Release|Any CPU
	EndGlobalSection
	GlobalSection(ProjectConfigurationPlatforms) = postSolution
		{C44C04D1-1F3B-46FA-9944-AB6661BF4D88}.Debug|Any CPU.ActiveCfg = Debug|Any CPU
		{C44C04D1-1F3B-46FA-9944-AB6661BF4D88}.Debug|Any CPU.Build.0 = Debug|Any CPU
		{C44C04D1-1F3B-46FA-9944-AB6661BF4D88}.Release|Any CPU.ActiveCfg = Release|Any CPU
		{C44C04D1-1F3B-46FA-9944-AB6661BF4D88}.Release|Any CPU.Build.0 = Release|Any CPU
		{2A22B25E-FE11-441A-BF36-71E94BC0E162}.Debug|Any CPU.ActiveCfg = Debug|Any CPU
		{2A22B25E-FE11-441A-BF36-71E94BC0E162}.Debug|Any CPU.Build.0 = Debug|Any CPU
		{2A22B25E-FE11-441A-BF36-71E94BC0E162}.Release|Any CPU.ActiveCfg = Release|Any CPU
		{2A22B25E-FE11-441A-BF36-71E94BC0E162}.Release|Any CPU.Build.0 = Release|Any CPU
		{BC1650CC-273D-4659-B8EA-354AFBA4EFD2}.Debug|Any CPU.ActiveCfg = Debug|Any CPU
		{BC1650CC-273D-4659-B8EA-354AFBA4EFD2}.Debug|Any CPU.Build.0 = Debug|Any CPU
		{BC1650CC-273D-4659-B8EA-354AFBA4EFD2}.Release|Any CPU.ActiveCfg = Release|Any CPU
		{BC1650CC-273D-4659-B8EA-354AFBA4EFD2}.Release|Any CPU.Build.0 = Release|Any CPU
		{F2969217-EC99-49D1-891E-1CBB9FBE4FF7}.Debug|Any CPU.ActiveCfg = Debug|Any CPU
		{F2969217-EC99-49D1-891E-1CBB9FBE4FF7}.Debug|Any CPU.Build.0 = Debug|Any CPU
		{F2969217-EC99-49D1-891E-1CBB9FBE4FF7}.Release|Any CPU.ActiveCfg = Release|Any CPU
		{F2969217-EC99-49D1-891E-1CBB9FBE4FF7}.Release|Any CPU.Build.0 = Release|Any CPU
	EndGlobalSection
	GlobalSection(SolutionProperties) = preSolution
		HideSolutionNode = FALSE
	EndGlobalSection
	GlobalSection(ExtensibilityGlobals) = postSolution
		SolutionGuid = {D27B5A8E-0214-4713-B7D8-F9851788939C}
	EndGlobalSection
EndGlobal
